
Microsoft Visual Studio Solution File, Format Version 12.00
# Visual Studio Version 17
VisualStudioVersion = 17.13.35919.96 d17.13
MinimumVisualStudioVersion = 10.0.40219.1
Project("{FAE04EC0-301F-11D3-BF4B-00C04F79EFBC}") = "MusicRadio", "MusicRadio\MusicRadio.csproj", "{ED38C5E3-CBB3-464E-B30C-8AFE3844957E}"
EndProject
Global
	GlobalSection(SolutionConfigurationPlatforms) = preSolution
		Debug|Any CPU = Debug|Any CPU
		Release|Any CPU = Release|Any CPU
	EndGlobalSection
	GlobalSection(ProjectConfigurationPlatforms) = postSolution
		{ED38C5E3-CBB3-464E-B30C-8AFE3844957E}.Debug|Any CPU.ActiveCfg = Debug|Any CPU
		{ED38C5E3-CBB3-464E-B30C-8AFE3844957E}.Debug|Any CPU.Build.0 = Debug|Any CPU
		{ED38C5E3-CBB3-464E-B30C-8AFE3844957E}.Release|Any CPU.ActiveCfg = Release|Any CPU
		{ED38C5E3-CBB3-464E-B30C-8AFE3844957E}.Release|Any CPU.Build.0 = Release|Any CPU
	EndGlobalSection
	GlobalSection(SolutionProperties) = preSolution
		HideSolutionNode = FALSE
	EndGlobalSection
	GlobalSection(ExtensibilityGlobals) = postSolution
		SolutionGuid = {7E42C77A-0227-4817-8BBA-0FEA5137A691}
	EndGlobalSection
EndGlobal
